{
  "name": "c",
  "version": "1.0.0",
  "lockfileVersion": 1,
  "requires": true,
  "dependencies": {
    "a": {
      "version": "file:../a"
    },
    "b": {
      "version": "file:../b",
      "requires": {
        "a": "file:../a"
      },
      "dependencies": {
        "a": {
          "version": "file:../a",
          "bundled": true
        }
      }
    }
  }
}
