{
  "name": "a",
  "version": "1.0.0",
  "lockfileVersion": 1,
  "requires": true,
  "dependencies": {
    "b": {
      "version": "file:../b",
      "bundled": true,
      "requires": {
        "a": "file:"
      },
      "dependencies": {
        "a": {
          "version": "file:",
          "bundled": true,
          "requires": {
            "b": "file:../b"
          },
          "dependencies": {
            "b": {
              "version": "file:../b",
              "bundled": true,
              "requires": {
                "a": "file:"
              },
              "dependencies": {
                "a": {
                  "version": "file:",
                  "bundled": true,
                  "requires": {
                    "b": "file:../b"
                  },
                  "dependencies": {
                    "b": {
                      "version": "file:../b",
                      "bundled": true,
                      "requires": {
                        "a": "file:"
                      },
                      "dependencies": {
                        "a": {
                          "version": "file:",
                          "bundled": true,
                          "requires": {
                            "b": "file:../b"
                          },
                          "dependencies": {}
                        }
                      }
                    }
                  }
                }
              }
            }
          }
        }
      }
    }
  }
}
